{
  "version": 4,
  "terraform_version": "1.1.9",
  "serial": 199,
  "lineage": "660b2753-e090-dc45-13c2-c3cb86b5bc14",
  "outputs": {},
  "resources": [
    {
      "mode": "data",
      "type": "aws_iam_policy_document",
      "name": "ecs_agent",
      "provider": "provider[\"registry.terraform.io/hashicorp/aws\"]",
      "instances": [
        {
          "schema_version": 0,
          "attributes": {
            "id": "1903849331",
            "json": "{\n  \"Version\": \"2012-10-17\",\n  \"Statement\": [\n    {\n      \"Sid\": \"\",\n      \"Effect\": \"Allow\",\n      \"Action\": \"sts:AssumeRole\",\n      \"Principal\": {\n        \"Service\": \"ec2.amazonaws.com\"\n      }\n    }\n  ]\n}",
            "override_json": null,
            "override_policy_documents": null,
            "policy_id": null,
            "source_json": null,
            "source_policy_documents": null,
            "statement": [
              {
                "actions": [
                  "sts:AssumeRole"
                ],
                "condition": [],
                "effect": "Allow",
                "not_actions": [],
                "not_principals": [],
                "not_resources": [],
                "principals": [
                  {
                    "identifiers": [
                      "ec2.amazonaws.com"
                    ],
                    "type": "Service"
                  }
                ],
                "resources": [],
                "sid": ""
              }
            ],
            "version": "2012-10-17"
          },
          "sensitive_attributes": []
        }
      ]
    },
    {
      "mode": "data",
      "type": "template_file",
      "name": "task_definition_json",
      "provider": "provider[\"registry.terraform.io/hashicorp/template\"]",
      "instances": [
        {
          "schema_version": 0,
          "attributes": {
            "filename": null,
            "id": "f36c02b967988d1cc0f5d816393d85acc42518879932cb42949d6116b68440ae",
            "rendered": "[\r\n  {\r\n      \"name\": \"lohan-private-node\",\r\n     \"image\": \"151564769076.dkr.ecr.ap-northeast-2.amazonaws.com/lohan-private-node:latest\",\r\n      \"cpu\": 100,\r\n      \"memory\": 512,\r\n      \"links\": [],\r\n      \"portMappings\": [\r\n          {\r\n              \"hostPort\": 3000,\r\n              \"containerPort\": 3000,\r\n              \"protocol\": \"tcp\"\r\n          }\r\n      ],\r\n      \"essential\": true,\r\n      \"entryPoint\": [],\r\n      \"command\": [],\r\n      \"environment\": [],\r\n      \"mountPoints\": [],\r\n      \"volumesFrom\": []\r\n  }\r\n]",
            "template": "[\r\n  {\r\n      \"name\": \"lohan-private-node\",\r\n     \"image\": \"151564769076.dkr.ecr.ap-northeast-2.amazonaws.com/lohan-private-node:latest\",\r\n      \"cpu\": 100,\r\n      \"memory\": 512,\r\n      \"links\": [],\r\n      \"portMappings\": [\r\n          {\r\n              \"hostPort\": 3000,\r\n              \"containerPort\": 3000,\r\n              \"protocol\": \"tcp\"\r\n          }\r\n      ],\r\n      \"essential\": true,\r\n      \"entryPoint\": [],\r\n      \"command\": [],\r\n      \"environment\": [],\r\n      \"mountPoints\": [],\r\n      \"volumesFrom\": []\r\n  }\r\n]",
            "vars": null
          },
          "sensitive_attributes": []
        }
      ]
    },
    {
      "mode": "managed",
      "type": "aws_appautoscaling_policy",
      "name": "dev_to_cpu",
      "provider": "provider[\"registry.terraform.io/hashicorp/aws\"]",
      "instances": [
        {
          "schema_version": 0,
          "attributes": {
            "arn": "arn:aws:autoscaling:ap-northeast-2:151564769076:scalingPolicy:cd2abb18-b157-4b1e-8b22-4db0f23c0e0d:resource/ecs/service/lohan-ecs-cluster/lohan-ecs-service:policyName/dev-to-cpu",
            "id": "dev-to-cpu",
            "name": "dev-to-cpu",
            "policy_type": "TargetTrackingScaling",
            "resource_id": "service/lohan-ecs-cluster/lohan-ecs-service",
            "scalable_dimension": "ecs:service:DesiredCount",
            "service_namespace": "ecs",
            "step_scaling_policy_configuration": [],
            "target_tracking_scaling_policy_configuration": [
              {
                "customized_metric_specification": [],
                "disable_scale_in": false,
                "predefined_metric_specification": [
                  {
                    "predefined_metric_type": "ECSServiceAverageCPUUtilization",
                    "resource_label": ""
                  }
                ],
                "scale_in_cooldown": 0,
                "scale_out_cooldown": 0,
                "target_value": 60
              }
            ]
          },
          "sensitive_attributes": [],
          "private": "bnVsbA==",
          "dependencies": [
            "aws_appautoscaling_target.lohan_as_target",
            "aws_ecs_cluster.lohan_ecs_cluster",
            "aws_ecs_service.service"
          ]
        }
      ]
    },
    {
      "mode": "managed",
      "type": "aws_appautoscaling_policy",
      "name": "dev_to_memory",
      "provider": "provider[\"registry.terraform.io/hashicorp/aws\"]",
      "instances": [
        {
          "schema_version": 0,
          "attributes": {
            "arn": "arn:aws:autoscaling:ap-northeast-2:151564769076:scalingPolicy:cd2abb18-b157-4b1e-8b22-4db0f23c0e0d:resource/ecs/service/lohan-ecs-cluster/lohan-ecs-service:policyName/dev-to-memory",
            "id": "dev-to-memory",
            "name": "dev-to-memory",
            "policy_type": "TargetTrackingScaling",
            "resource_id": "service/lohan-ecs-cluster/lohan-ecs-service",
            "scalable_dimension": "ecs:service:DesiredCount",
            "service_namespace": "ecs",
            "step_scaling_policy_configuration": [],
            "target_tracking_scaling_policy_configuration": [
              {
                "customized_metric_specification": [],
                "disable_scale_in": false,
                "predefined_metric_specification": [
                  {
                    "predefined_metric_type": "ECSServiceAverageMemoryUtilization",
                    "resource_label": ""
                  }
                ],
                "scale_in_cooldown": 0,
                "scale_out_cooldown": 0,
                "target_value": 80
              }
            ]
          },
          "sensitive_attributes": [],
          "private": "bnVsbA==",
          "dependencies": [
            "aws_appautoscaling_target.lohan_as_target",
            "aws_ecs_cluster.lohan_ecs_cluster",
            "aws_ecs_service.service"
          ]
        }
      ]
    },
    {
      "mode": "managed",
      "type": "aws_appautoscaling_target",
      "name": "lohan_as_target",
      "provider": "provider[\"registry.terraform.io/hashicorp/aws\"]",
      "instances": [
        {
          "schema_version": 0,
          "attributes": {
            "id": "service/lohan-ecs-cluster/lohan-ecs-service",
            "max_capacity": 5,
            "min_capacity": 1,
            "resource_id": "service/lohan-ecs-cluster/lohan-ecs-service",
            "role_arn": "arn:aws:iam::151564769076:role/aws-service-role/ecs.application-autoscaling.amazonaws.com/AWSServiceRoleForApplicationAutoScaling_ECSService",
            "scalable_dimension": "ecs:service:DesiredCount",
            "service_namespace": "ecs"
          },
          "sensitive_attributes": [],
          "private": "bnVsbA==",
          "dependencies": [
            "aws_ecs_cluster.lohan_ecs_cluster",
            "aws_ecs_service.service"
          ]
        }
      ]
    },
    {
      "mode": "managed",
      "type": "aws_ecs_cluster",
      "name": "lohan_ecs_cluster",
      "provider": "provider[\"registry.terraform.io/hashicorp/aws\"]",
      "instances": [
        {
          "schema_version": 0,
          "attributes": {
            "arn": "arn:aws:ecs:ap-northeast-2:151564769076:cluster/lohan-ecs-cluster",
            "capacity_providers": [],
            "configuration": [],
            "default_capacity_provider_strategy": [],
            "id": "arn:aws:ecs:ap-northeast-2:151564769076:cluster/lohan-ecs-cluster",
            "name": "lohan-ecs-cluster",
            "setting": [
              {
                "name": "containerInsights",
                "value": "disabled"
              }
            ],
            "tags": {
              "name": "lohan-ecs-cluster"
            },
            "tags_all": {
              "name": "lohan-ecs-cluster"
            }
          },
          "sensitive_attributes": [],
          "private": "bnVsbA=="
        }
      ]
    },
    {
      "mode": "managed",
      "type": "aws_ecs_service",
      "name": "service",
      "provider": "provider[\"registry.terraform.io/hashicorp/aws\"]",
      "instances": [
        {
          "schema_version": 0,
          "attributes": {
            "capacity_provider_strategy": [],
            "cluster": "arn:aws:ecs:ap-northeast-2:151564769076:cluster/lohan-ecs-cluster",
            "deployment_circuit_breaker": [
              {
                "enable": false,
                "rollback": false
              }
            ],
            "deployment_controller": [
              {
                "type": "ECS"
              }
            ],
            "deployment_maximum_percent": 200,
            "deployment_minimum_healthy_percent": 100,
            "desired_count": 3,
            "enable_ecs_managed_tags": false,
            "enable_execute_command": false,
            "force_new_deployment": null,
            "health_check_grace_period_seconds": 0,
            "iam_role": "aws-service-role",
            "id": "arn:aws:ecs:ap-northeast-2:151564769076:service/lohan-ecs-cluster/lohan-ecs-service",
            "launch_type": "FARGATE",
            "load_balancer": [
              {
                "container_name": "lohan-private-node",
                "container_port": 3000,
                "elb_name": "",
                "target_group_arn": "arn:aws:elasticloadbalancing:ap-northeast-2:151564769076:targetgroup/lohan-target-ecs-lb/d38fd522805e6e45"
              }
            ],
            "name": "lohan-ecs-service",
            "network_configuration": [
              {
                "assign_public_ip": false,
                "security_groups": [
                  "sg-0761ceea516a6f331"
                ],
                "subnets": [
                  "subnet-07b55e6e6ab31fbd0",
                  "subnet-0b5c9ee52f0955ef2"
                ]
              }
            ],
            "ordered_placement_strategy": [],
            "placement_constraints": [],
            "platform_version": "LATEST",
            "propagate_tags": "NONE",
            "scheduling_strategy": "REPLICA",
            "service_registries": [],
            "tags": {},
            "tags_all": {},
            "task_definition": "arn:aws:ecs:ap-northeast-2:151564769076:task-definition/lohan-ecs-task-definition:4",
            "timeouts": null,
            "wait_for_steady_state": false
          },
          "sensitive_attributes": [],
          "private": "eyJlMmJmYjczMC1lY2FhLTExZTYtOGY4OC0zNDM2M2JjN2M0YzAiOnsiZGVsZXRlIjoxMjAwMDAwMDAwMDAwfX0=",
          "dependencies": [
            "aws_ecs_cluster.lohan_ecs_cluster",
            "aws_ecs_task_definition.lohan_task_definition",
            "aws_iam_role.ecs_agent",
            "aws_lb.lohan_ecs_loadbalancer",
            "aws_lb_listener.lb_listener",
            "aws_lb_target_group.lohan_lb_target_group",
            "aws_security_group.Lohan_ecs_sg",
            "aws_subnet.Lohan_private_1",
            "aws_subnet.Lohan_private_2",
            "aws_vpc.Lohan_vpc",
            "data.aws_iam_policy_document.ecs_agent",
            "data.template_file.task_definition_json"
          ]
        }
      ]
    },
    {
      "mode": "managed",
      "type": "aws_ecs_task_definition",
      "name": "lohan_task_definition",
      "provider": "provider[\"registry.terraform.io/hashicorp/aws\"]",
      "instances": [
        {
          "schema_version": 1,
          "attributes": {
            "arn": "arn:aws:ecs:ap-northeast-2:151564769076:task-definition/lohan-ecs-task-definition:4",
            "container_definitions": "[{\"command\":[],\"cpu\":100,\"entryPoint\":[],\"environment\":[],\"essential\":true,\"image\":\"151564769076.dkr.ecr.ap-northeast-2.amazonaws.com/lohan-private-node:latest\",\"links\":[],\"memory\":512,\"mountPoints\":[],\"name\":\"lohan-private-node\",\"portMappings\":[{\"containerPort\":3000,\"hostPort\":3000,\"protocol\":\"tcp\"}],\"volumesFrom\":[]}]",
            "cpu": "512",
            "ephemeral_storage": [],
            "execution_role_arn": "arn:aws:iam::151564769076:role/ecs-agent",
            "family": "lohan-ecs-task-definition",
            "id": "lohan-ecs-task-definition",
            "inference_accelerator": [],
            "ipc_mode": "",
            "memory": "1024",
            "network_mode": "awsvpc",
            "pid_mode": "",
            "placement_constraints": [],
            "proxy_configuration": [],
            "requires_compatibilities": [
              "FARGATE"
            ],
            "revision": 4,
            "runtime_platform": [],
            "skip_destroy": false,
            "tags": {},
            "tags_all": {},
            "task_role_arn": "arn:aws:iam::151564769076:role/ecs-agent",
            "volume": []
          },
          "sensitive_attributes": [],
          "private": "eyJzY2hlbWFfdmVyc2lvbiI6IjEifQ==",
          "dependencies": [
            "aws_iam_role.ecs_agent",
            "data.aws_iam_policy_document.ecs_agent",
            "data.template_file.task_definition_json"
          ]
        }
      ]
    },
    {
      "mode": "managed",
      "type": "aws_iam_instance_profile",
      "name": "ecs_agent",
      "provider": "provider[\"registry.terraform.io/hashicorp/aws\"]",
      "instances": [
        {
          "schema_version": 0,
          "attributes": {
            "arn": "arn:aws:iam::151564769076:instance-profile/ecs-agent",
            "create_date": "2022-05-09T05:48:34Z",
            "id": "ecs-agent",
            "name": "ecs-agent",
            "name_prefix": null,
            "path": "/",
            "role": "ecs-agent",
            "tags": {},
            "tags_all": {},
            "unique_id": "AIPASGSPW242DMOQASJ45"
          },
          "sensitive_attributes": [],
          "private": "bnVsbA==",
          "dependencies": [
            "aws_iam_role.ecs_agent",
            "data.aws_iam_policy_document.ecs_agent"
          ]
        }
      ]
    },
    {
      "mode": "managed",
      "type": "aws_iam_role",
      "name": "ecs_agent",
      "provider": "provider[\"registry.terraform.io/hashicorp/aws\"]",
      "instances": [
        {
          "schema_version": 0,
          "attributes": {
            "arn": "arn:aws:iam::151564769076:role/ecs-agent",
            "assume_role_policy": "{\"Version\":\"2012-10-17\",\"Statement\":[{\"Sid\":\"\",\"Effect\":\"Allow\",\"Principal\":{\"Service\":\"ec2.amazonaws.com\"},\"Action\":\"sts:AssumeRole\"}]}",
            "create_date": "2022-05-09T05:48:33Z",
            "description": "",
            "force_detach_policies": false,
            "id": "ecs-agent",
            "inline_policy": [
              {
                "name": "",
                "policy": ""
              }
            ],
            "managed_policy_arns": [
              "arn:aws:iam::aws:policy/service-role/AmazonEC2ContainerServiceforEC2Role"
            ],
            "max_session_duration": 3600,
            "name": "ecs-agent",
            "name_prefix": "",
            "path": "/",
            "permissions_boundary": null,
            "tags": {},
            "tags_all": {},
            "unique_id": "AROASGSPW242JHT7EONA5"
          },
          "sensitive_attributes": [],
          "private": "bnVsbA==",
          "dependencies": [
            "data.aws_iam_policy_document.ecs_agent"
          ]
        }
      ]
    },
    {
      "mode": "managed",
      "type": "aws_iam_role_policy_attachment",
      "name": "ecs_agent",
      "provider": "provider[\"registry.terraform.io/hashicorp/aws\"]",
      "instances": [
        {
          "schema_version": 0,
          "attributes": {
            "id": "ecs-agent-20220509054829400100000001",
            "policy_arn": "arn:aws:iam::aws:policy/service-role/AmazonEC2ContainerServiceforEC2Role",
            "role": "ecs-agent"
          },
          "sensitive_attributes": [],
          "private": "bnVsbA==",
          "dependencies": [
            "aws_iam_role.ecs_agent",
            "data.aws_iam_policy_document.ecs_agent"
          ]
        }
      ]
    },
    {
      "mode": "managed",
      "type": "aws_instance",
      "name": "Lohan_bastion",
      "provider": "provider[\"registry.terraform.io/hashicorp/aws\"]",
      "instances": [
        {
          "schema_version": 1,
          "attributes": {
            "ami": "ami-007181d8eb05c608c",
            "arn": "arn:aws:ec2:ap-northeast-2:151564769076:instance/i-045e8a462f2225ac1",
            "associate_public_ip_address": true,
            "availability_zone": "ap-northeast-2a",
            "capacity_reservation_specification": [
              {
                "capacity_reservation_preference": "open",
                "capacity_reservation_target": []
              }
            ],
            "cpu_core_count": 1,
            "cpu_threads_per_core": 1,
            "credit_specification": [
              {
                "cpu_credits": "standard"
              }
            ],
            "disable_api_termination": false,
            "ebs_block_device": [],
            "ebs_optimized": false,
            "enclave_options": [
              {
                "enabled": false
              }
            ],
            "ephemeral_block_device": [],
            "get_password_data": false,
            "hibernation": false,
            "host_id": null,
            "iam_instance_profile": "Lohan-ssm-ec2",
            "id": "i-045e8a462f2225ac1",
            "instance_initiated_shutdown_behavior": "stop",
            "instance_state": "running",
            "instance_type": "t2.micro",
            "ipv6_address_count": 0,
            "ipv6_addresses": [],
            "key_name": "Lohan-ssh-key",
            "launch_template": [],
            "maintenance_options": [
              {
                "auto_recovery": "default"
              }
            ],
            "metadata_options": [
              {
                "http_endpoint": "enabled",
                "http_put_response_hop_limit": 1,
                "http_tokens": "optional",
                "instance_metadata_tags": "disabled"
              }
            ],
            "monitoring": false,
            "network_interface": [],
            "outpost_arn": "",
            "password_data": "",
            "placement_group": "",
            "placement_partition_number": null,
            "primary_network_interface_id": "eni-08c16d65dd7c1ff8b",
            "private_dns": "ip-10-0-1-188.ap-northeast-2.compute.internal",
            "private_ip": "10.0.1.188",
            "public_dns": "ec2-3-35-236-202.ap-northeast-2.compute.amazonaws.com",
            "public_ip": "3.35.236.202",
            "root_block_device": [
              {
                "delete_on_termination": true,
                "device_name": "/dev/xvda",
                "encrypted": false,
                "iops": 3000,
                "kms_key_id": "",
                "tags": {},
                "throughput": 125,
                "volume_id": "vol-09c57e58d32cd733b",
                "volume_size": 30,
                "volume_type": "gp3"
              }
            ],
            "secondary_private_ips": [],
            "security_groups": [],
            "source_dest_check": true,
            "subnet_id": "subnet-016a5f34722bf0061",
            "tags": {
              "Name": "Lohan_bastion",
              "user": "s2s_Lohan"
            },
            "tags_all": {
              "Name": "Lohan_bastion",
              "user": "s2s_Lohan"
            },
            "tenancy": "default",
            "timeouts": null,
            "user_data": null,
            "user_data_base64": null,
            "user_data_replace_on_change": false,
            "volume_tags": null,
            "vpc_security_group_ids": [
              "sg-072048d617d524faf"
            ]
          },
          "sensitive_attributes": [],
          "private": "eyJlMmJmYjczMC1lY2FhLTExZTYtOGY4OC0zNDM2M2JjN2M0YzAiOnsiY3JlYXRlIjo2MDAwMDAwMDAwMDAsImRlbGV0ZSI6MTIwMDAwMDAwMDAwMCwidXBkYXRlIjo2MDAwMDAwMDAwMDB9LCJzY2hlbWFfdmVyc2lvbiI6IjEifQ==",
          "dependencies": [
            "aws_security_group.Lohan_ssh",
            "aws_subnet.Lohan_public_1",
            "aws_vpc.Lohan_vpc"
          ]
        }
      ]
    },
    {
      "mode": "managed",
      "type": "aws_instance",
      "name": "Lohan_for_ssm",
      "provider": "provider[\"registry.terraform.io/hashicorp/aws\"]",
      "instances": [
        {
          "schema_version": 1,
          "attributes": {
            "ami": "ami-007181d8eb05c608c",
            "arn": "arn:aws:ec2:ap-northeast-2:151564769076:instance/i-0612b794922ba61d1",
            "associate_public_ip_address": false,
            "availability_zone": "ap-northeast-2a",
            "capacity_reservation_specification": [
              {
                "capacity_reservation_preference": "open",
                "capacity_reservation_target": []
              }
            ],
            "cpu_core_count": 1,
            "cpu_threads_per_core": 1,
            "credit_specification": [
              {
                "cpu_credits": "standard"
              }
            ],
            "disable_api_termination": false,
            "ebs_block_device": [],
            "ebs_optimized": false,
            "enclave_options": [
              {
                "enabled": false
              }
            ],
            "ephemeral_block_device": [],
            "get_password_data": false,
            "hibernation": false,
            "host_id": null,
            "iam_instance_profile": "Lohan-ssm-ec2",
            "id": "i-0612b794922ba61d1",
            "instance_initiated_shutdown_behavior": "stop",
            "instance_state": "running",
            "instance_type": "t2.micro",
            "ipv6_address_count": 0,
            "ipv6_addresses": [],
            "key_name": "Lohan-ssh-key",
            "launch_template": [],
            "maintenance_options": [
              {
                "auto_recovery": "default"
              }
            ],
            "metadata_options": [
              {
                "http_endpoint": "enabled",
                "http_put_response_hop_limit": 1,
                "http_tokens": "optional",
                "instance_metadata_tags": "disabled"
              }
            ],
            "monitoring": false,
            "network_interface": [],
            "outpost_arn": "",
            "password_data": "",
            "placement_group": "",
            "placement_partition_number": null,
            "primary_network_interface_id": "eni-0f26c098c810a889e",
            "private_dns": "ip-10-0-3-40.ap-northeast-2.compute.internal",
            "private_ip": "10.0.3.40",
            "public_dns": "",
            "public_ip": "",
            "root_block_device": [
              {
                "delete_on_termination": true,
                "device_name": "/dev/xvda",
                "encrypted": false,
                "iops": 3000,
                "kms_key_id": "",
                "tags": {},
                "throughput": 125,
                "volume_id": "vol-07b5fc70aca8510c9",
                "volume_size": 30,
                "volume_type": "gp3"
              }
            ],
            "secondary_private_ips": [],
            "security_groups": [],
            "source_dest_check": true,
            "subnet_id": "subnet-0b5c9ee52f0955ef2",
            "tags": {
              "Name": "Lohan_for_ssm",
              "user": "s2s_Lohan"
            },
            "tags_all": {
              "Name": "Lohan_for_ssm",
              "user": "s2s_Lohan"
            },
            "tenancy": "default",
            "timeouts": null,
            "user_data": null,
            "user_data_base64": null,
            "user_data_replace_on_change": false,
            "volume_tags": null,
            "vpc_security_group_ids": [
              "sg-072048d617d524faf"
            ]
          },
          "sensitive_attributes": [],
          "private": "eyJlMmJmYjczMC1lY2FhLTExZTYtOGY4OC0zNDM2M2JjN2M0YzAiOnsiY3JlYXRlIjo2MDAwMDAwMDAwMDAsImRlbGV0ZSI6MTIwMDAwMDAwMDAwMCwidXBkYXRlIjo2MDAwMDAwMDAwMDB9LCJzY2hlbWFfdmVyc2lvbiI6IjEifQ==",
          "dependencies": [
            "aws_security_group.Lohan_ssh",
            "aws_subnet.Lohan_private_1",
            "aws_vpc.Lohan_vpc"
          ]
        }
      ]
    },
    {
      "mode": "managed",
      "type": "aws_internet_gateway",
      "name": "Lohan_igw",
      "provider": "provider[\"registry.terraform.io/hashicorp/aws\"]",
      "instances": [
        {
          "schema_version": 0,
          "attributes": {
            "arn": "arn:aws:ec2:ap-northeast-2:151564769076:internet-gateway/igw-049b167f8a4620364",
            "id": "igw-049b167f8a4620364",
            "owner_id": "151564769076",
            "tags": {
              "Name": "Lohan_igw",
              "user": "s2s_Lohan"
            },
            "tags_all": {
              "Name": "Lohan_igw",
              "user": "s2s_Lohan"
            },
            "vpc_id": "vpc-07c5b287bd53175b7"
          },
          "sensitive_attributes": [],
          "private": "bnVsbA==",
          "dependencies": [
            "aws_vpc.Lohan_vpc"
          ]
        }
      ]
    },
    {
      "mode": "managed",
      "type": "aws_lb",
      "name": "lohan_ecs_loadbalancer",
      "provider": "provider[\"registry.terraform.io/hashicorp/aws\"]",
      "instances": [
        {
          "schema_version": 0,
          "attributes": {
            "access_logs": [
              {
                "bucket": "",
                "enabled": false,
                "prefix": ""
              }
            ],
            "arn": "arn:aws:elasticloadbalancing:ap-northeast-2:151564769076:loadbalancer/app/lohan-ecs-lb/f2c2e675311d0018",
            "arn_suffix": "app/lohan-ecs-lb/f2c2e675311d0018",
            "customer_owned_ipv4_pool": "",
            "desync_mitigation_mode": "defensive",
            "dns_name": "internal-lohan-ecs-lb-971140764.ap-northeast-2.elb.amazonaws.com",
            "drop_invalid_header_fields": false,
            "enable_cross_zone_load_balancing": null,
            "enable_deletion_protection": false,
            "enable_http2": true,
            "enable_waf_fail_open": false,
            "id": "arn:aws:elasticloadbalancing:ap-northeast-2:151564769076:loadbalancer/app/lohan-ecs-lb/f2c2e675311d0018",
            "idle_timeout": 60,
            "internal": true,
            "ip_address_type": "ipv4",
            "load_balancer_type": "application",
            "name": "lohan-ecs-lb",
            "name_prefix": null,
            "security_groups": [
              "sg-0761ceea516a6f331"
            ],
            "subnet_mapping": [
              {
                "allocation_id": "",
                "ipv6_address": "",
                "outpost_id": "",
                "private_ipv4_address": "",
                "subnet_id": "subnet-07b55e6e6ab31fbd0"
              },
              {
                "allocation_id": "",
                "ipv6_address": "",
                "outpost_id": "",
                "private_ipv4_address": "",
                "subnet_id": "subnet-0b5c9ee52f0955ef2"
              }
            ],
            "subnets": [
              "subnet-07b55e6e6ab31fbd0",
              "subnet-0b5c9ee52f0955ef2"
            ],
            "tags": {},
            "tags_all": {},
            "timeouts": null,
            "vpc_id": "vpc-07c5b287bd53175b7",
            "zone_id": "ZWKZPGTI48KDX"
          },
          "sensitive_attributes": [],
          "private": "eyJlMmJmYjczMC1lY2FhLTExZTYtOGY4OC0zNDM2M2JjN2M0YzAiOnsiY3JlYXRlIjo2MDAwMDAwMDAwMDAsImRlbGV0ZSI6NjAwMDAwMDAwMDAwLCJ1cGRhdGUiOjYwMDAwMDAwMDAwMH19",
          "dependencies": [
            "aws_security_group.Lohan_ecs_sg",
            "aws_subnet.Lohan_private_1",
            "aws_subnet.Lohan_private_2",
            "aws_vpc.Lohan_vpc"
          ]
        }
      ]
    },
    {
      "mode": "managed",
      "type": "aws_lb_listener",
      "name": "lb_listener",
      "provider": "provider[\"registry.terraform.io/hashicorp/aws\"]",
      "instances": [
        {
          "schema_version": 0,
          "attributes": {
            "alpn_policy": null,
            "arn": "arn:aws:elasticloadbalancing:ap-northeast-2:151564769076:listener/app/lohan-ecs-lb/f2c2e675311d0018/cef0dc72d0b2008b",
            "certificate_arn": null,
            "default_action": [
              {
                "authenticate_cognito": [],
                "authenticate_oidc": [],
                "fixed_response": [],
                "forward": [],
                "order": 1,
                "redirect": [],
                "target_group_arn": "arn:aws:elasticloadbalancing:ap-northeast-2:151564769076:targetgroup/lohan-target-ecs-lb/d38fd522805e6e45",
                "type": "forward"
              }
            ],
            "id": "arn:aws:elasticloadbalancing:ap-northeast-2:151564769076:listener/app/lohan-ecs-lb/f2c2e675311d0018/cef0dc72d0b2008b",
            "load_balancer_arn": "arn:aws:elasticloadbalancing:ap-northeast-2:151564769076:loadbalancer/app/lohan-ecs-lb/f2c2e675311d0018",
            "port": 3000,
            "protocol": "HTTP",
            "ssl_policy": "",
            "tags": {},
            "tags_all": {},
            "timeouts": null
          },
          "sensitive_attributes": [],
          "private": "eyJlMmJmYjczMC1lY2FhLTExZTYtOGY4OC0zNDM2M2JjN2M0YzAiOnsicmVhZCI6NjAwMDAwMDAwMDAwfX0=",
          "dependencies": [
            "aws_lb.lohan_ecs_loadbalancer",
            "aws_lb_target_group.lohan_lb_target_group",
            "aws_security_group.Lohan_ecs_sg",
            "aws_subnet.Lohan_private_1",
            "aws_subnet.Lohan_private_2",
            "aws_vpc.Lohan_vpc"
          ]
        }
      ]
    },
    {
      "mode": "managed",
      "type": "aws_lb_target_group",
      "name": "lohan_lb_target_group",
      "provider": "provider[\"registry.terraform.io/hashicorp/aws\"]",
      "instances": [
        {
          "schema_version": 0,
          "attributes": {
            "arn": "arn:aws:elasticloadbalancing:ap-northeast-2:151564769076:targetgroup/lohan-target-ecs-lb/d38fd522805e6e45",
            "arn_suffix": "targetgroup/lohan-target-ecs-lb/d38fd522805e6e45",
            "connection_termination": false,
            "deregistration_delay": "300",
            "health_check": [
              {
                "enabled": true,
                "healthy_threshold": 3,
                "interval": 10,
                "matcher": "200",
                "path": "/index.html",
                "port": "3000",
                "protocol": "HTTP",
                "timeout": 5,
                "unhealthy_threshold": 3
              }
            ],
            "id": "arn:aws:elasticloadbalancing:ap-northeast-2:151564769076:targetgroup/lohan-target-ecs-lb/d38fd522805e6e45",
            "lambda_multi_value_headers_enabled": false,
            "load_balancing_algorithm_type": "round_robin",
            "name": "lohan-target-ecs-lb",
            "name_prefix": null,
            "port": 3000,
            "preserve_client_ip": null,
            "protocol": "HTTP",
            "protocol_version": "HTTP1",
            "proxy_protocol_v2": false,
            "slow_start": 0,
            "stickiness": [
              {
                "cookie_duration": 86400,
                "cookie_name": "",
                "enabled": false,
                "type": "lb_cookie"
              }
            ],
            "tags": {},
            "tags_all": {},
            "target_type": "ip",
            "vpc_id": "vpc-07c5b287bd53175b7"
          },
          "sensitive_attributes": [],
          "private": "bnVsbA==",
          "dependencies": [
            "aws_vpc.Lohan_vpc"
          ]
        }
      ]
    },
    {
      "mode": "managed",
      "type": "aws_route_table",
      "name": "Lohan_public_rt_1",
      "provider": "provider[\"registry.terraform.io/hashicorp/aws\"]",
      "instances": [
        {
          "schema_version": 0,
          "attributes": {
            "arn": "arn:aws:ec2:ap-northeast-2:151564769076:route-table/rtb-0cea8b916bc39a367",
            "id": "rtb-0cea8b916bc39a367",
            "owner_id": "151564769076",
            "propagating_vgws": [],
            "route": [
              {
                "carrier_gateway_id": "",
                "cidr_block": "0.0.0.0/0",
                "core_network_arn": "",
                "destination_prefix_list_id": "",
                "egress_only_gateway_id": "",
                "gateway_id": "igw-049b167f8a4620364",
                "instance_id": "",
                "ipv6_cidr_block": "",
                "local_gateway_id": "",
                "nat_gateway_id": "",
                "network_interface_id": "",
                "transit_gateway_id": "",
                "vpc_endpoint_id": "",
                "vpc_peering_connection_id": ""
              }
            ],
            "tags": {
              "Name": "Lohan_public_rt_1",
              "user": "s2s_Lohan"
            },
            "tags_all": {
              "Name": "Lohan_public_rt_1",
              "user": "s2s_Lohan"
            },
            "timeouts": null,
            "vpc_id": "vpc-07c5b287bd53175b7"
          },
          "sensitive_attributes": [],
          "private": "eyJlMmJmYjczMC1lY2FhLTExZTYtOGY4OC0zNDM2M2JjN2M0YzAiOnsiY3JlYXRlIjozMDAwMDAwMDAwMDAsImRlbGV0ZSI6MzAwMDAwMDAwMDAwLCJ1cGRhdGUiOjEyMDAwMDAwMDAwMH19",
          "dependencies": [
            "aws_internet_gateway.Lohan_igw",
            "aws_vpc.Lohan_vpc"
          ]
        }
      ]
    },
    {
      "mode": "managed",
      "type": "aws_route_table_association",
      "name": "a",
      "provider": "provider[\"registry.terraform.io/hashicorp/aws\"]",
      "instances": [
        {
          "schema_version": 0,
          "attributes": {
            "gateway_id": "",
            "id": "rtbassoc-0294874a394e9a714",
            "route_table_id": "rtb-0cea8b916bc39a367",
            "subnet_id": "subnet-016a5f34722bf0061"
          },
          "sensitive_attributes": [],
          "private": "bnVsbA==",
          "dependencies": [
            "aws_internet_gateway.Lohan_igw",
            "aws_route_table.Lohan_public_rt_1",
            "aws_subnet.Lohan_public_1",
            "aws_vpc.Lohan_vpc"
          ]
        }
      ]
    },
    {
      "mode": "managed",
      "type": "aws_security_group",
      "name": "Lohan_ecs_sg",
      "provider": "provider[\"registry.terraform.io/hashicorp/aws\"]",
      "instances": [
        {
          "schema_version": 1,
          "attributes": {
            "arn": "arn:aws:ec2:ap-northeast-2:151564769076:security-group/sg-0761ceea516a6f331",
            "description": "Lohan_ECS_SG",
            "egress": [
              {
                "cidr_blocks": [
                  "0.0.0.0/0"
                ],
                "description": "",
                "from_port": 0,
                "ipv6_cidr_blocks": [],
                "prefix_list_ids": [],
                "protocol": "-1",
                "security_groups": [],
                "self": false,
                "to_port": 0
              }
            ],
            "id": "sg-0761ceea516a6f331",
            "ingress": [
              {
                "cidr_blocks": [
                  "0.0.0.0/0"
                ],
                "description": "",
                "from_port": 3000,
                "ipv6_cidr_blocks": [],
                "prefix_list_ids": [],
                "protocol": "tcp",
                "security_groups": [],
                "self": false,
                "to_port": 3000
              }
            ],
            "name": "Lohan_ecs_sg",
            "name_prefix": "",
            "owner_id": "151564769076",
            "revoke_rules_on_delete": false,
            "tags": {},
            "tags_all": {},
            "timeouts": null,
            "vpc_id": "vpc-07c5b287bd53175b7"
          },
          "sensitive_attributes": [],
          "private": "eyJlMmJmYjczMC1lY2FhLTExZTYtOGY4OC0zNDM2M2JjN2M0YzAiOnsiY3JlYXRlIjo2MDAwMDAwMDAwMDAsImRlbGV0ZSI6OTAwMDAwMDAwMDAwfSwic2NoZW1hX3ZlcnNpb24iOiIxIn0=",
          "dependencies": [
            "aws_vpc.Lohan_vpc"
          ]
        }
      ]
    },
    {
      "mode": "managed",
      "type": "aws_security_group",
      "name": "Lohan_ssh",
      "provider": "provider[\"registry.terraform.io/hashicorp/aws\"]",
      "instances": [
        {
          "schema_version": 1,
          "attributes": {
            "arn": "arn:aws:ec2:ap-northeast-2:151564769076:security-group/sg-072048d617d524faf",
            "description": "Allow SSH port from all",
            "egress": [
              {
                "cidr_blocks": [
                  "0.0.0.0/0"
                ],
                "description": "",
                "from_port": 0,
                "ipv6_cidr_blocks": [],
                "prefix_list_ids": [],
                "protocol": "-1",
                "security_groups": [],
                "self": false,
                "to_port": 0
              }
            ],
            "id": "sg-072048d617d524faf",
            "ingress": [
              {
                "cidr_blocks": [
                  "0.0.0.0/0"
                ],
                "description": "",
                "from_port": 443,
                "ipv6_cidr_blocks": [],
                "prefix_list_ids": [],
                "protocol": "tcp",
                "security_groups": [],
                "self": false,
                "to_port": 443
              },
              {
                "cidr_blocks": [
                  "27.122.140.10/32"
                ],
                "description": "",
                "from_port": 22,
                "ipv6_cidr_blocks": [],
                "prefix_list_ids": [],
                "protocol": "tcp",
                "security_groups": [],
                "self": false,
                "to_port": 22
              }
            ],
            "name": "Lohan_test_sg",
            "name_prefix": "",
            "owner_id": "151564769076",
            "revoke_rules_on_delete": false,
            "tags": {},
            "tags_all": {},
            "timeouts": null,
            "vpc_id": "vpc-07c5b287bd53175b7"
          },
          "sensitive_attributes": [],
          "private": "eyJlMmJmYjczMC1lY2FhLTExZTYtOGY4OC0zNDM2M2JjN2M0YzAiOnsiY3JlYXRlIjo2MDAwMDAwMDAwMDAsImRlbGV0ZSI6OTAwMDAwMDAwMDAwfSwic2NoZW1hX3ZlcnNpb24iOiIxIn0=",
          "dependencies": [
            "aws_vpc.Lohan_vpc"
          ]
        }
      ]
    },
    {
      "mode": "managed",
      "type": "aws_security_group",
      "name": "Lohan_ssm_sg",
      "provider": "provider[\"registry.terraform.io/hashicorp/aws\"]",
      "instances": [
        {
          "schema_version": 1,
          "attributes": {
            "arn": "arn:aws:ec2:ap-northeast-2:151564769076:security-group/sg-00e16a68eec6de132",
            "description": "Lohan_SSM Endpoint",
            "egress": [
              {
                "cidr_blocks": [
                  "0.0.0.0/0"
                ],
                "description": "",
                "from_port": 0,
                "ipv6_cidr_blocks": [],
                "prefix_list_ids": [],
                "protocol": "-1",
                "security_groups": [],
                "self": false,
                "to_port": 0
              }
            ],
            "id": "sg-00e16a68eec6de132",
            "ingress": [
              {
                "cidr_blocks": [
                  "10.0.0.0/16"
                ],
                "description": "",
                "from_port": 443,
                "ipv6_cidr_blocks": [],
                "prefix_list_ids": [],
                "protocol": "tcp",
                "security_groups": [],
                "self": false,
                "to_port": 443
              }
            ],
            "name": "Lohan_ssm_sg",
            "name_prefix": "",
            "owner_id": "151564769076",
            "revoke_rules_on_delete": false,
            "tags": {},
            "tags_all": {},
            "timeouts": null,
            "vpc_id": "vpc-07c5b287bd53175b7"
          },
          "sensitive_attributes": [],
          "private": "eyJlMmJmYjczMC1lY2FhLTExZTYtOGY4OC0zNDM2M2JjN2M0YzAiOnsiY3JlYXRlIjo2MDAwMDAwMDAwMDAsImRlbGV0ZSI6OTAwMDAwMDAwMDAwfSwic2NoZW1hX3ZlcnNpb24iOiIxIn0=",
          "dependencies": [
            "aws_vpc.Lohan_vpc"
          ]
        }
      ]
    },
    {
      "mode": "managed",
      "type": "aws_subnet",
      "name": "Lohan_private_1",
      "provider": "provider[\"registry.terraform.io/hashicorp/aws\"]",
      "instances": [
        {
          "schema_version": 1,
          "attributes": {
            "arn": "arn:aws:ec2:ap-northeast-2:151564769076:subnet/subnet-0b5c9ee52f0955ef2",
            "assign_ipv6_address_on_creation": false,
            "availability_zone": "ap-northeast-2a",
            "availability_zone_id": "apne2-az1",
            "cidr_block": "10.0.3.0/24",
            "customer_owned_ipv4_pool": "",
            "enable_dns64": false,
            "enable_resource_name_dns_a_record_on_launch": false,
            "enable_resource_name_dns_aaaa_record_on_launch": false,
            "id": "subnet-0b5c9ee52f0955ef2",
            "ipv6_cidr_block": "",
            "ipv6_cidr_block_association_id": "",
            "ipv6_native": false,
            "map_customer_owned_ip_on_launch": false,
            "map_public_ip_on_launch": false,
            "outpost_arn": "",
            "owner_id": "151564769076",
            "private_dns_hostname_type_on_launch": "ip-name",
            "tags": {
              "Name": "Lohan_private_1",
              "user": "s2s_Lohan"
            },
            "tags_all": {
              "Name": "Lohan_private_1",
              "user": "s2s_Lohan"
            },
            "timeouts": null,
            "vpc_id": "vpc-07c5b287bd53175b7"
          },
          "sensitive_attributes": [],
          "private": "eyJlMmJmYjczMC1lY2FhLTExZTYtOGY4OC0zNDM2M2JjN2M0YzAiOnsiY3JlYXRlIjo2MDAwMDAwMDAwMDAsImRlbGV0ZSI6MTIwMDAwMDAwMDAwMH0sInNjaGVtYV92ZXJzaW9uIjoiMSJ9",
          "dependencies": [
            "aws_vpc.Lohan_vpc"
          ]
        }
      ]
    },
    {
      "mode": "managed",
      "type": "aws_subnet",
      "name": "Lohan_private_2",
      "provider": "provider[\"registry.terraform.io/hashicorp/aws\"]",
      "instances": [
        {
          "schema_version": 1,
          "attributes": {
            "arn": "arn:aws:ec2:ap-northeast-2:151564769076:subnet/subnet-07b55e6e6ab31fbd0",
            "assign_ipv6_address_on_creation": false,
            "availability_zone": "ap-northeast-2c",
            "availability_zone_id": "apne2-az3",
            "cidr_block": "10.0.4.0/24",
            "customer_owned_ipv4_pool": "",
            "enable_dns64": false,
            "enable_resource_name_dns_a_record_on_launch": false,
            "enable_resource_name_dns_aaaa_record_on_launch": false,
            "id": "subnet-07b55e6e6ab31fbd0",
            "ipv6_cidr_block": "",
            "ipv6_cidr_block_association_id": "",
            "ipv6_native": false,
            "map_customer_owned_ip_on_launch": false,
            "map_public_ip_on_launch": false,
            "outpost_arn": "",
            "owner_id": "151564769076",
            "private_dns_hostname_type_on_launch": "ip-name",
            "tags": {
              "Name": "Lohan_private_2",
              "user": "s2s_Lohan"
            },
            "tags_all": {
              "Name": "Lohan_private_2",
              "user": "s2s_Lohan"
            },
            "timeouts": null,
            "vpc_id": "vpc-07c5b287bd53175b7"
          },
          "sensitive_attributes": [],
          "private": "eyJlMmJmYjczMC1lY2FhLTExZTYtOGY4OC0zNDM2M2JjN2M0YzAiOnsiY3JlYXRlIjo2MDAwMDAwMDAwMDAsImRlbGV0ZSI6MTIwMDAwMDAwMDAwMH0sInNjaGVtYV92ZXJzaW9uIjoiMSJ9",
          "dependencies": [
            "aws_vpc.Lohan_vpc"
          ]
        }
      ]
    },
    {
      "mode": "managed",
      "type": "aws_subnet",
      "name": "Lohan_public_1",
      "provider": "provider[\"registry.terraform.io/hashicorp/aws\"]",
      "instances": [
        {
          "schema_version": 1,
          "attributes": {
            "arn": "arn:aws:ec2:ap-northeast-2:151564769076:subnet/subnet-016a5f34722bf0061",
            "assign_ipv6_address_on_creation": false,
            "availability_zone": "ap-northeast-2a",
            "availability_zone_id": "apne2-az1",
            "cidr_block": "10.0.1.0/24",
            "customer_owned_ipv4_pool": "",
            "enable_dns64": false,
            "enable_resource_name_dns_a_record_on_launch": false,
            "enable_resource_name_dns_aaaa_record_on_launch": false,
            "id": "subnet-016a5f34722bf0061",
            "ipv6_cidr_block": "",
            "ipv6_cidr_block_association_id": "",
            "ipv6_native": false,
            "map_customer_owned_ip_on_launch": false,
            "map_public_ip_on_launch": false,
            "outpost_arn": "",
            "owner_id": "151564769076",
            "private_dns_hostname_type_on_launch": "ip-name",
            "tags": {
              "Name": "Lohan_public_1",
              "user": "s2s_Lohan"
            },
            "tags_all": {
              "Name": "Lohan_public_1",
              "user": "s2s_Lohan"
            },
            "timeouts": null,
            "vpc_id": "vpc-07c5b287bd53175b7"
          },
          "sensitive_attributes": [],
          "private": "eyJlMmJmYjczMC1lY2FhLTExZTYtOGY4OC0zNDM2M2JjN2M0YzAiOnsiY3JlYXRlIjo2MDAwMDAwMDAwMDAsImRlbGV0ZSI6MTIwMDAwMDAwMDAwMH0sInNjaGVtYV92ZXJzaW9uIjoiMSJ9",
          "dependencies": [
            "aws_vpc.Lohan_vpc"
          ]
        }
      ]
    },
    {
      "mode": "managed",
      "type": "aws_subnet",
      "name": "Lohan_public_2",
      "provider": "provider[\"registry.terraform.io/hashicorp/aws\"]",
      "instances": [
        {
          "schema_version": 1,
          "attributes": {
            "arn": "arn:aws:ec2:ap-northeast-2:151564769076:subnet/subnet-02ea0b79e864a67ae",
            "assign_ipv6_address_on_creation": false,
            "availability_zone": "ap-northeast-2c",
            "availability_zone_id": "apne2-az3",
            "cidr_block": "10.0.2.0/24",
            "customer_owned_ipv4_pool": "",
            "enable_dns64": false,
            "enable_resource_name_dns_a_record_on_launch": false,
            "enable_resource_name_dns_aaaa_record_on_launch": false,
            "id": "subnet-02ea0b79e864a67ae",
            "ipv6_cidr_block": "",
            "ipv6_cidr_block_association_id": "",
            "ipv6_native": false,
            "map_customer_owned_ip_on_launch": false,
            "map_public_ip_on_launch": false,
            "outpost_arn": "",
            "owner_id": "151564769076",
            "private_dns_hostname_type_on_launch": "ip-name",
            "tags": {
              "Name": "Lohan_public_2",
              "user": "s2s_Lohan"
            },
            "tags_all": {
              "Name": "Lohan_public_2",
              "user": "s2s_Lohan"
            },
            "timeouts": null,
            "vpc_id": "vpc-07c5b287bd53175b7"
          },
          "sensitive_attributes": [],
          "private": "eyJlMmJmYjczMC1lY2FhLTExZTYtOGY4OC0zNDM2M2JjN2M0YzAiOnsiY3JlYXRlIjo2MDAwMDAwMDAwMDAsImRlbGV0ZSI6MTIwMDAwMDAwMDAwMH0sInNjaGVtYV92ZXJzaW9uIjoiMSJ9",
          "dependencies": [
            "aws_vpc.Lohan_vpc"
          ]
        }
      ]
    },
    {
      "mode": "managed",
      "type": "aws_vpc",
      "name": "Lohan_vpc",
      "provider": "provider[\"registry.terraform.io/hashicorp/aws\"]",
      "instances": [
        {
          "schema_version": 1,
          "attributes": {
            "arn": "arn:aws:ec2:ap-northeast-2:151564769076:vpc/vpc-07c5b287bd53175b7",
            "assign_generated_ipv6_cidr_block": false,
            "cidr_block": "10.0.0.0/16",
            "default_network_acl_id": "acl-074aa8eaa1efe42d7",
            "default_route_table_id": "rtb-0d447d4d355eedd8e",
            "default_security_group_id": "sg-035239dd7bca09238",
            "dhcp_options_id": "dopt-c9ec46a2",
            "enable_classiclink": false,
            "enable_classiclink_dns_support": false,
            "enable_dns_hostnames": true,
            "enable_dns_support": true,
            "id": "vpc-07c5b287bd53175b7",
            "instance_tenancy": "default",
            "ipv4_ipam_pool_id": null,
            "ipv4_netmask_length": null,
            "ipv6_association_id": "",
            "ipv6_cidr_block": "",
            "ipv6_cidr_block_network_border_group": "",
            "ipv6_ipam_pool_id": "",
            "ipv6_netmask_length": 0,
            "main_route_table_id": "rtb-0d447d4d355eedd8e",
            "owner_id": "151564769076",
            "tags": {
              "Name": "Lohan_vpc",
              "user": "s2s_Lohan"
            },
            "tags_all": {
              "Name": "Lohan_vpc",
              "user": "s2s_Lohan"
            }
          },
          "sensitive_attributes": [],
          "private": "eyJzY2hlbWFfdmVyc2lvbiI6IjEifQ=="
        }
      ]
    },
    {
      "mode": "managed",
      "type": "aws_vpc_endpoint",
      "name": "Lohan_ec2messages",
      "provider": "provider[\"registry.terraform.io/hashicorp/aws\"]",
      "instances": [
        {
          "schema_version": 0,
          "attributes": {
            "arn": "arn:aws:ec2:ap-northeast-2:151564769076:vpc-endpoint/vpce-0fbe1f3d11149fe1a",
            "auto_accept": null,
            "cidr_blocks": [],
            "dns_entry": [
              {
                "dns_name": "vpce-0fbe1f3d11149fe1a-8pd0n58s.ec2messages.ap-northeast-2.vpce.amazonaws.com",
                "hosted_zone_id": "Z27UANNT0PRK1T"
              },
              {
                "dns_name": "vpce-0fbe1f3d11149fe1a-8pd0n58s-ap-northeast-2c.ec2messages.ap-northeast-2.vpce.amazonaws.com",
                "hosted_zone_id": "Z27UANNT0PRK1T"
              },
              {
                "dns_name": "vpce-0fbe1f3d11149fe1a-8pd0n58s-ap-northeast-2a.ec2messages.ap-northeast-2.vpce.amazonaws.com",
                "hosted_zone_id": "Z27UANNT0PRK1T"
              },
              {
                "dns_name": "ec2messages.ap-northeast-2.amazonaws.com",
                "hosted_zone_id": "Z01795763EOOS4T95BPVM"
              }
            ],
            "id": "vpce-0fbe1f3d11149fe1a",
            "network_interface_ids": [
              "eni-00b49ee21b0bbed49",
              "eni-0f62791385f904bd1"
            ],
            "owner_id": "151564769076",
            "policy": "{\"Statement\":[{\"Action\":\"*\",\"Effect\":\"Allow\",\"Principal\":\"*\",\"Resource\":\"*\"}]}",
            "prefix_list_id": null,
            "private_dns_enabled": true,
            "requester_managed": false,
            "route_table_ids": [],
            "security_group_ids": [
              "sg-00e16a68eec6de132"
            ],
            "service_name": "com.amazonaws.ap-northeast-2.ec2messages",
            "state": "available",
            "subnet_ids": [
              "subnet-07b55e6e6ab31fbd0",
              "subnet-0b5c9ee52f0955ef2"
            ],
            "tags": {},
            "tags_all": {},
            "timeouts": null,
            "vpc_endpoint_type": "Interface",
            "vpc_id": "vpc-07c5b287bd53175b7"
          },
          "sensitive_attributes": [],
          "private": "eyJlMmJmYjczMC1lY2FhLTExZTYtOGY4OC0zNDM2M2JjN2M0YzAiOnsiY3JlYXRlIjo2MDAwMDAwMDAwMDAsImRlbGV0ZSI6NjAwMDAwMDAwMDAwLCJ1cGRhdGUiOjYwMDAwMDAwMDAwMH19",
          "dependencies": [
            "aws_security_group.Lohan_ssm_sg",
            "aws_subnet.Lohan_private_1",
            "aws_subnet.Lohan_private_2",
            "aws_vpc.Lohan_vpc"
          ]
        }
      ]
    },
    {
      "mode": "managed",
      "type": "aws_vpc_endpoint",
      "name": "Lohan_ssm",
      "provider": "provider[\"registry.terraform.io/hashicorp/aws\"]",
      "instances": [
        {
          "schema_version": 0,
          "attributes": {
            "arn": "arn:aws:ec2:ap-northeast-2:151564769076:vpc-endpoint/vpce-054cf7e951455fcc5",
            "auto_accept": null,
            "cidr_blocks": [],
            "dns_entry": [
              {
                "dns_name": "vpce-054cf7e951455fcc5-3yiljfad.ssm.ap-northeast-2.vpce.amazonaws.com",
                "hosted_zone_id": "Z27UANNT0PRK1T"
              },
              {
                "dns_name": "vpce-054cf7e951455fcc5-3yiljfad-ap-northeast-2c.ssm.ap-northeast-2.vpce.amazonaws.com",
                "hosted_zone_id": "Z27UANNT0PRK1T"
              },
              {
                "dns_name": "vpce-054cf7e951455fcc5-3yiljfad-ap-northeast-2a.ssm.ap-northeast-2.vpce.amazonaws.com",
                "hosted_zone_id": "Z27UANNT0PRK1T"
              },
              {
                "dns_name": "ssm.ap-northeast-2.amazonaws.com",
                "hosted_zone_id": "Z017979820CMBNC0TPAG7"
              }
            ],
            "id": "vpce-054cf7e951455fcc5",
            "network_interface_ids": [
              "eni-04061296ac8d5b8cb",
              "eni-08882666b5dcf2451"
            ],
            "owner_id": "151564769076",
            "policy": "{\"Statement\":[{\"Action\":\"*\",\"Effect\":\"Allow\",\"Principal\":\"*\",\"Resource\":\"*\"}]}",
            "prefix_list_id": null,
            "private_dns_enabled": true,
            "requester_managed": false,
            "route_table_ids": [],
            "security_group_ids": [
              "sg-00e16a68eec6de132"
            ],
            "service_name": "com.amazonaws.ap-northeast-2.ssm",
            "state": "available",
            "subnet_ids": [
              "subnet-07b55e6e6ab31fbd0",
              "subnet-0b5c9ee52f0955ef2"
            ],
            "tags": {},
            "tags_all": {},
            "timeouts": null,
            "vpc_endpoint_type": "Interface",
            "vpc_id": "vpc-07c5b287bd53175b7"
          },
          "sensitive_attributes": [],
          "private": "eyJlMmJmYjczMC1lY2FhLTExZTYtOGY4OC0zNDM2M2JjN2M0YzAiOnsiY3JlYXRlIjo2MDAwMDAwMDAwMDAsImRlbGV0ZSI6NjAwMDAwMDAwMDAwLCJ1cGRhdGUiOjYwMDAwMDAwMDAwMH19",
          "dependencies": [
            "aws_security_group.Lohan_ssm_sg",
            "aws_subnet.Lohan_private_1",
            "aws_subnet.Lohan_private_2",
            "aws_vpc.Lohan_vpc"
          ]
        }
      ]
    },
    {
      "mode": "managed",
      "type": "aws_vpc_endpoint",
      "name": "Lohan_ssmmessages",
      "provider": "provider[\"registry.terraform.io/hashicorp/aws\"]",
      "instances": [
        {
          "schema_version": 0,
          "attributes": {
            "arn": "arn:aws:ec2:ap-northeast-2:151564769076:vpc-endpoint/vpce-047463b745a01b764",
            "auto_accept": null,
            "cidr_blocks": [],
            "dns_entry": [
              {
                "dns_name": "vpce-047463b745a01b764-w0k3aqp5.ssmmessages.ap-northeast-2.vpce.amazonaws.com",
                "hosted_zone_id": "Z27UANNT0PRK1T"
              },
              {
                "dns_name": "vpce-047463b745a01b764-w0k3aqp5-ap-northeast-2c.ssmmessages.ap-northeast-2.vpce.amazonaws.com",
                "hosted_zone_id": "Z27UANNT0PRK1T"
              },
              {
                "dns_name": "vpce-047463b745a01b764-w0k3aqp5-ap-northeast-2a.ssmmessages.ap-northeast-2.vpce.amazonaws.com",
                "hosted_zone_id": "Z27UANNT0PRK1T"
              },
              {
                "dns_name": "ssmmessages.ap-northeast-2.amazonaws.com",
                "hosted_zone_id": "Z07761612TSKQZARWYRZZ"
              }
            ],
            "id": "vpce-047463b745a01b764",
            "network_interface_ids": [
              "eni-0633f633e7f825468",
              "eni-0c957a187b20bfb8b"
            ],
            "owner_id": "151564769076",
            "policy": "{\"Statement\":[{\"Action\":\"*\",\"Effect\":\"Allow\",\"Principal\":\"*\",\"Resource\":\"*\"}]}",
            "prefix_list_id": null,
            "private_dns_enabled": true,
            "requester_managed": false,
            "route_table_ids": [],
            "security_group_ids": [
              "sg-00e16a68eec6de132"
            ],
            "service_name": "com.amazonaws.ap-northeast-2.ssmmessages",
            "state": "available",
            "subnet_ids": [
              "subnet-07b55e6e6ab31fbd0",
              "subnet-0b5c9ee52f0955ef2"
            ],
            "tags": {},
            "tags_all": {},
            "timeouts": null,
            "vpc_endpoint_type": "Interface",
            "vpc_id": "vpc-07c5b287bd53175b7"
          },
          "sensitive_attributes": [],
          "private": "eyJlMmJmYjczMC1lY2FhLTExZTYtOGY4OC0zNDM2M2JjN2M0YzAiOnsiY3JlYXRlIjo2MDAwMDAwMDAwMDAsImRlbGV0ZSI6NjAwMDAwMDAwMDAwLCJ1cGRhdGUiOjYwMDAwMDAwMDAwMH19",
          "dependencies": [
            "aws_security_group.Lohan_ssm_sg",
            "aws_subnet.Lohan_private_1",
            "aws_subnet.Lohan_private_2",
            "aws_vpc.Lohan_vpc"
          ]
        }
      ]
    }
  ]
}
